{
    "_readme": [
        "This file locks the dependencies of your project to a known state",
        "Read more about it at https://getcomposer.org/doc/01-basic-usage.md#installing-dependencies",
        "This file is @generated automatically"
    ],
    "content-hash": "15dd3982ae6bb121c47f5f3718618632",
    "packages": [
        {
            "name": "2tvenom/cborencode",
            "version": "1.0.2",
            "source": {
                "type": "git",
                "url": "https://github.com/2tvenom/CBOREncode.git",
                "reference": "42aedccb861d01fc0554782348cc08f8ebf22332"
            },
            "dist": {
                "type": "zip",
                "url": "https://api.github.com/repos/2tvenom/CBOREncode/zipball/42aedccb861d01fc0554782348cc08f8ebf22332",
                "reference": "42aedccb861d01fc0554782348cc08f8ebf22332",
                "shasum": ""
            },
            "require": {
                "php": ">=5.4.0"
            },
            "type": "library",
            "autoload": {
                "psr-0": {
                    "CBOR": "src"
                }
            },
            "notification-url": "https://packagist.org/downloads/",
            "license": [
                "PHP"
            ],
            "authors": [
                {
                    "name": "Pavel <Ven> Gulbin",
                    "email": "2tvenom@gmail.com",
                    "role": "Developer"
                }
            ],
            "description": "CBOR encoder for PHP",
            "homepage": "https://github.com/2tvenom/CBOREncode",
            "keywords": [
                "cbor"
            ],
            "support": {
                "issues": "https://github.com/2tvenom/CBOREncode/issues",
                "source": "https://github.com/2tvenom/CBOREncode/tree/1.0.2"
            },
            "time": "2020-10-27T07:22:41+00:00"
        },
        {
            "name": "brick/math",
            "version": "0.11.0",
            "source": {
                "type": "git",
                "url": "https://github.com/brick/math.git",
                "reference": "0ad82ce168c82ba30d1c01ec86116ab52f589478"
            },
            "dist": {
                "type": "zip",
                "url": "https://api.github.com/repos/brick/math/zipball/0ad82ce168c82ba30d1c01ec86116ab52f589478",
                "reference": "0ad82ce168c82ba30d1c01ec86116ab52f589478",
                "shasum": ""
            },
            "require": {
                "php": "^8.0"
            },
            "require-dev": {
                "php-coveralls/php-coveralls": "^2.2",
                "phpunit/phpunit": "^9.0",
                "vimeo/psalm": "5.0.0"
            },
            "type": "library",
            "autoload": {
                "psr-4": {
                    "Brick\\Math\\": "src/"
                }
            },
            "notification-url": "https://packagist.org/downloads/",
            "license": [
                "MIT"
            ],
            "description": "Arbitrary-precision arithmetic library",
            "keywords": [
                "Arbitrary-precision",
                "BigInteger",
                "BigRational",
                "arithmetic",
                "bigdecimal",
                "bignum",
                "brick",
                "math"
            ],
            "support": {
                "issues": "https://github.com/brick/math/issues",
                "source": "https://github.com/brick/math/tree/0.11.0"
            },
            "funding": [
                {
                    "url": "https://github.com/BenMorel",
                    "type": "github"
                }
            ],
            "time": "2023-01-15T23:15:59+00:00"
        },
        {
            "name": "randrei98/ecdsaphp",
            "version": "2.0.0",
            "source": {
                "type": "git",
                "url": "https://github.com/AndreiR98/ECDSA-PHP.git",
                "reference": "590bfed2e027ba52acbc9c2da6f677587608d262"
            },
            "dist": {
                "type": "zip",
                "url": "https://api.github.com/repos/AndreiR98/ECDSA-PHP/zipball/590bfed2e027ba52acbc9c2da6f677587608d262",
                "reference": "590bfed2e027ba52acbc9c2da6f677587608d262",
                "shasum": ""
            },
            "require": {
                "brick/math": "0.11.0",
                "ext-gmp": "*",
                "ext-openssl": "*",
                "php": ">=8.1"
            },
            "require-dev": {
                "phpunit/phpunit": "^5.2"
            },
            "type": "library",
            "autoload": {
                "psr-4": {
                    "ECDSA\\": "src"
                }
            },
            "notification-url": "https://packagist.org/downloads/",
            "license": [
                "MIT"
            ],
            "authors": [
                {
                    "name": "AndreiR98",
                    "email": "rotaru.andrei98@gmail.com"
                }
            ],
            "description": "Elliptical curve cryptography for PHP",
            "support": {
                "issues": "https://github.com/AndreiR98/ECDSA-PHP/issues",
                "source": "https://github.com/AndreiR98/ECDSA-PHP/tree/2.0.0"
            },
            "time": "2023-05-10T16:35:51+00:00"
        }
    ],
    "packages-dev": [],
    "aliases": [],
    "minimum-stability": "dev",
    "stability-flags": [],
    "prefer-stable": false,
    "prefer-lowest": false,
    "platform": {
        "php": ">=8.1",
        "ext-openssl": "*",
        "ext-gmp": "*"
    },
    "platform-dev": [],
    "plugin-api-version": "2.3.0"
}
