{
    "_readme": [
        "This file locks the dependencies of your project to a known state",
        "Read more about it at https://getcomposer.org/doc/01-basic-usage.md#installing-dependencies",
        "This file is @generated automatically"
    ],
    "content-hash": "0650840cd6d201d87c60af41e21aedb3",
    "packages": [
        {
            "name": "2tvenom/cborencode",
            "version": "1.0.2",
            "source": {
                "type": "git",
                "url": "https://github.com/2tvenom/CBOREncode.git",
                "reference": "42aedccb861d01fc0554782348cc08f8ebf22332"
            },
            "dist": {
                "type": "zip",
                "url": "https://api.github.com/repos/2tvenom/CBOREncode/zipball/42aedccb861d01fc0554782348cc08f8ebf22332",
                "reference": "42aedccb861d01fc0554782348cc08f8ebf22332",
                "shasum": ""
            },
            "require": {
                "php": ">=5.4.0"
            },
            "type": "library",
            "autoload": {
                "psr-0": {
                    "CBOR": "src"
                }
            },
            "notification-url": "https://packagist.org/downloads/",
            "license": [
                "PHP"
            ],
            "authors": [
                {
                    "name": "Pavel <Ven> Gulbin",
                    "email": "2tvenom@gmail.com",
                    "role": "Developer"
                }
            ],
            "description": "CBOR encoder for PHP",
            "homepage": "https://github.com/2tvenom/CBOREncode",
            "keywords": [
                "cbor"
            ],
            "support": {
                "issues": "https://github.com/2tvenom/CBOREncode/issues",
                "source": "https://github.com/2tvenom/CBOREncode/tree/1.0.2"
            },
            "time": "2020-10-27T07:22:41+00:00"
        },
        {
            "name": "brick/math",
            "version": "0.9.3",
            "source": {
                "type": "git",
                "url": "https://github.com/brick/math.git",
                "reference": "ca57d18f028f84f777b2168cd1911b0dee2343ae"
            },
            "dist": {
                "type": "zip",
                "url": "https://api.github.com/repos/brick/math/zipball/ca57d18f028f84f777b2168cd1911b0dee2343ae",
                "reference": "ca57d18f028f84f777b2168cd1911b0dee2343ae",
                "shasum": ""
            },
            "require": {
                "ext-json": "*",
                "php": "^7.1 || ^8.0"
            },
            "require-dev": {
                "php-coveralls/php-coveralls": "^2.2",
                "phpunit/phpunit": "^7.5.15 || ^8.5 || ^9.0",
                "vimeo/psalm": "4.9.2"
            },
            "type": "library",
            "autoload": {
                "psr-4": {
                    "Brick\\Math\\": "src/"
                }
            },
            "notification-url": "https://packagist.org/downloads/",
            "license": [
                "MIT"
            ],
            "description": "Arbitrary-precision arithmetic library",
            "keywords": [
                "Arbitrary-precision",
                "BigInteger",
                "BigRational",
                "arithmetic",
                "bigdecimal",
                "bignum",
                "brick",
                "math"
            ],
            "support": {
                "issues": "https://github.com/brick/math/issues",
                "source": "https://github.com/brick/math/tree/0.9.3"
            },
            "funding": [
                {
                    "url": "https://github.com/BenMorel",
                    "type": "github"
                },
                {
                    "url": "https://tidelift.com/funding/github/packagist/brick/math",
                    "type": "tidelift"
                }
            ],
            "time": "2021-08-15T20:50:18+00:00"
        },
        {
            "name": "randrei98/ecdsaphp",
            "version": "1.0.0",
            "source": {
                "type": "git",
                "url": "https://github.com/AndreiR98/ECDSA-PHP.git",
                "reference": "3342a6b0463399e6966be846adc1be6d55b6f146"
            },
            "dist": {
                "type": "zip",
                "url": "https://api.github.com/repos/AndreiR98/ECDSA-PHP/zipball/3342a6b0463399e6966be846adc1be6d55b6f146",
                "reference": "3342a6b0463399e6966be846adc1be6d55b6f146",
                "shasum": ""
            },
            "require": {
                "brick/math": "0.9.3",
                "php": ">=7.2"
            },
            "type": "library",
            "autoload": {
                "psr-4": {
                    "ECDSA\\": "src/ECDSA"
                }
            },
            "notification-url": "https://packagist.org/downloads/",
            "license": [
                "MIT"
            ],
            "authors": [
                {
                    "name": "AndreiR98",
                    "email": "rotaru.andrei98@gmail.com"
                }
            ],
            "description": "Elliptical curve cryptography for PHP",
            "support": {
                "issues": "https://github.com/AndreiR98/ECDSA-PHP/issues",
                "source": "https://github.com/AndreiR98/ECDSA-PHP/tree/1.0.0"
            },
            "time": "2022-01-17T01:41:43+00:00"
        }
    ],
    "packages-dev": [],
    "aliases": [],
    "minimum-stability": "dev",
    "stability-flags": [],
    "prefer-stable": false,
    "prefer-lowest": false,
    "platform": {
        "php": ">=7.2"
    },
    "platform-dev": [],
    "plugin-api-version": "2.2.0"
}
